// !$*UTF8*$!
{
	archiveVersion = 1;
	classes = {
	};
	objectVersion = 46;
	objects = {

/* Begin PBXBuildFile section */
		EF08560C1F4CBE45008AC1AB /* GameOverScene.swift in Sources */ = {isa = PBXBuildFile; fileRef = EF08560B1F4CBE45008AC1AB /* GameOverScene.swift */; };
		EFCBAED61F42AC210037F079 /* AppDelegate.swift in Sources */ = {isa = PBXBuildFile; fileRef = EFCBAED51F42AC210037F079 /* AppDelegate.swift */; };
		EFCBAEDC1F42AC210037F079 /* GameScene.swift in Sources */ = {isa = PBXBuildFile; fileRef = EFCBAEDB1F42AC210037F079 /* GameScene.swift */; };
		EFCBAEDE1F42AC210037F079 /* GameViewController.swift in Sources */ = {isa = PBXBuildFile; fileRef = EFCBAEDD1F42AC210037F079 /* GameViewController.swift */; };
		EFCBAEE11F42AC210037F079 /* Main.storyboard in Resources */ = {isa = PBXBuildFile; fileRef = EFCBAEDF1F42AC210037F079 /* Main.storyboard */; };
		EFCBAEE31F42AC210037F079 /* Assets.xcassets in Resources */ = {isa = PBXBuildFile; fileRef = EFCBAEE21F42AC210037F079 /* Assets.xcassets */; };
		EFCBAEE61F42AC210037F079 /* LaunchScreen.storyboard in Resources */ = {isa = PBXBuildFile; fileRef = EFCBAEE41F42AC210037F079 /* LaunchScreen.storyboard */; };
		EFCBAEF01F42B20F0037F079 /* background-music-aac.caf in Resources */ = {isa = PBXBuildFile; fileRef = EFCBAEEE1F42B20F0037F079 /* background-music-aac.caf */; };
		EFCBAEF11F42B20F0037F079 /* pew-pew-lei.caf in Resources */ = {isa = PBXBuildFile; fileRef = EFCBAEEF1F42B20F0037F079 /* pew-pew-lei.caf */; };
/* End PBXBuildFile section */

/* Begin PBXFileReference section */
		EF08560B1F4CBE45008AC1AB /* GameOverScene.swift */ = {isa = PBXFileReference; fileEncoding = 4; lastKnownFileType = sourcecode.swift; path = GameOverScene.swift; sourceTree = "<group>"; };
		EFCBAED21F42AC210037F079 /* SpriteKitSimpleGame.app */ = {isa = PBXFileReference; explicitFileType = wrapper.application; includeInIndex = 0; path = SpriteKitSimpleGame.app; sourceTree = BUILT_PRODUCTS_DIR; };
		EFCBAED51F42AC210037F079 /* AppDelegate.swift */ = {isa = PBXFileReference; lastKnownFileType = sourcecode.swift; path = AppDelegate.swift; sourceTree = "<group>"; };
		EFCBAEDB1F42AC210037F079 /* GameScene.swift */ = {isa = PBXFileReference; lastKnownFileType = sourcecode.swift; path = GameScene.swift; sourceTree = "<group>"; };
		EFCBAEDD1F42AC210037F079 /* GameViewController.swift */ = {isa = PBXFileReference; lastKnownFileType = sourcecode.swift; path = GameViewController.swift; sourceTree = "<group>"; };
		EFCBAEE01F42AC210037F079 /* Base */ = {isa = PBXFileReference; lastKnownFileType = file.storyboard; name = Base; path = Base.lproj/Main.storyboard; sourceTree = "<group>"; };
		EFCBAEE21F42AC210037F079 /* Assets.xcassets */ = {isa = PBXFileReference; lastKnownFileType = folder.assetcatalog; path = Assets.xcassets; sourceTree = "<group>"; };
		EFCBAEE51F42AC210037F079 /* Base */ = {isa = PBXFileReference; lastKnownFileType = file.storyboard; name = Base; path = Base.lproj/LaunchScreen.storyboard; sourceTree = "<group>"; };
		EFCBAEE71F42AC210037F079 /* Info.plist */ = {isa = PBXFileReference; lastKnownFileType = text.plist.xml; path = Info.plist; sourceTree = "<group>"; };
		EFCBAEEE1F42B20F0037F079 /* background-music-aac.caf */ = {isa = PBXFileReference; lastKnownFileType = file; path = "background-music-aac.caf"; sourceTree = "<group>"; };
		EFCBAEEF1F42B20F0037F079 /* pew-pew-lei.caf */ = {isa = PBXFileReference; lastKnownFileType = file; path = "pew-pew-lei.caf"; sourceTree = "<group>"; };
/* End PBXFileReference section */

/* Begin PBXFrameworksBuildPhase section */
		EFCBAECF1F42AC210037F079 /* Frameworks */ = {
			isa = PBXFrameworksBuildPhase;
			buildActionMask = 2147483647;
			files = (
			);
			runOnlyForDeploymentPostprocessing = 0;
		};
/* End PBXFrameworksBuildPhase section */

/* Begin PBXGroup section */
		EFCBAEC91F42AC210037F079 = {
			isa = PBXGroup;
			children = (
				EFCBAED41F42AC210037F079 /* SpriteKitSimpleGame */,
				EFCBAED31F42AC210037F079 /* Products */,
			);
			sourceTree = "<group>";
		};
		EFCBAED31F42AC210037F079 /* Products */ = {
			isa = PBXGroup;
			children = (
				EFCBAED21F42AC210037F079 /* SpriteKitSimpleGame.app */,
			);
			name = Products;
			sourceTree = "<group>";
		};
		EFCBAED41F42AC210037F079 /* SpriteKitSimpleGame */ = {
			isa = PBXGroup;
			children = (
				EFCBAED51F42AC210037F079 /* AppDelegate.swift */,
				EFCBAEDB1F42AC210037F079 /* GameScene.swift */,
				EF08560B1F4CBE45008AC1AB /* GameOverScene.swift */,
				EFCBAEDD1F42AC210037F079 /* GameViewController.swift */,
				EFCBAEDF1F42AC210037F079 /* Main.storyboard */,
				EFCBAEE21F42AC210037F079 /* Assets.xcassets */,
				EFCBAEED1F42B20F0037F079 /* Sounds */,
				EFCBAEE41F42AC210037F079 /* LaunchScreen.storyboard */,
				EFCBAEE71F42AC210037F079 /* Info.plist */,
			);
			path = SpriteKitSimpleGame;
			sourceTree = "<group>";
		};
		EFCBAEED1F42B20F0037F079 /* Sounds */ = {
			isa = PBXGroup;
			children = (
				EFCBAEEE1F42B20F0037F079 /* background-music-aac.caf */,
				EFCBAEEF1F42B20F0037F079 /* pew-pew-lei.caf */,
			);
			path = Sounds;
			sourceTree = "<group>";
		};
/* End PBXGroup section */

/* Begin PBXNativeTarget section */
		EFCBAED11F42AC210037F079 /* SpriteKitSimpleGame */ = {
			isa = PBXNativeTarget;
			buildConfigurationList = EFCBAEEA1F42AC210037F079 /* Build configuration list for PBXNativeTarget "SpriteKitSimpleGame" */;
			buildPhases = (
				EFCBAECE1F42AC210037F079 /* Sources */,
				EFCBAECF1F42AC210037F079 /* Frameworks */,
				EFCBAED01F42AC210037F079 /* Resources */,
			);
			buildRules = (
			);
			dependencies = (
			);
			name = SpriteKitSimpleGame;
			productName = SpriteKitSimpleGame;
			productReference = EFCBAED21F42AC210037F079 /* SpriteKitSimpleGame.app */;
			productType = "com.apple.product-type.application";
		};
/* End PBXNativeTarget section */

/* Begin PBXProject section */
		EFCBAECA1F42AC210037F079 /* Project object */ = {
			isa = PBXProject;
			attributes = {
				LastSwiftUpdateCheck = 0830;
				LastUpgradeCheck = 0830;
				ORGANIZATIONNAME = lisahsteele;
				TargetAttributes = {
					EFCBAED11F42AC210037F079 = {
						CreatedOnToolsVersion = 8.3.2;
						DevelopmentTeam = 77F66T2364;
						ProvisioningStyle = Automatic;
					};
				};
			};
			buildConfigurationList = EFCBAECD1F42AC210037F079 /* Build configuration list for PBXProject "SpriteKitSimpleGame" */;
			compatibilityVersion = "Xcode 3.2";
			developmentRegion = English;
			hasScannedForEncodings = 0;
			knownRegions = (
				en,
				Base,
			);
			mainGroup = EFCBAEC91F42AC210037F079;
			productRefGroup = EFCBAED31F42AC210037F079 /* Products */;
			projectDirPath = "";
			projectRoot = "";
			targets = (
				EFCBAED11F42AC210037F079 /* SpriteKitSimpleGame */,
			);
		};
/* End PBXProject section */

/* Begin PBXResourcesBuildPhase section */
		EFCBAED01F42AC210037F079 /* Resources */ = {
			isa = PBXResourcesBuildPhase;
			buildActionMask = 2147483647;
			files = (
				EFCBAEF01F42B20F0037F079 /* background-music-aac.caf in Resources */,
				EFCBAEE11F42AC210037F079 /* Main.storyboard in Resources */,
				EFCBAEE31F42AC210037F079 /* Assets.xcassets in Resources */,
				EFCBAEF11F42B20F0037F079 /* pew-pew-lei.caf in Resources */,
				EFCBAEE61F42AC210037F079 /* LaunchScreen.storyboard in Resources */,
			);
			runOnlyForDeploymentPostprocessing = 0;
		};
/* End PBXResourcesBuildPhase section */

/* Begin PBXSourcesBuildPhase section */
		EFCBAECE1F42AC210037F079 /* Sources */ = {
			isa = PBXSourcesBuildPhase;
			buildActionMask = 2147483647;
			files = (
				EFCBAEDC1F42AC210037F079 /* GameScene.swift in Sources */,
				EFCBAEDE1F42AC210037F079 /* GameViewController.swift in Sources */,
				EF08560C1F4CBE45008AC1AB /* GameOverScene.swift in Sources */,
				EFCBAED61F42AC210037F079 /* AppDelegate.swift in Sources */,
			);
			runOnlyForDeploymentPostprocessing = 0;
		};
/* End PBXSourcesBuildPhase section */

/* Begin PBXVariantGroup section */
		EFCBAEDF1F42AC210037F079 /* Main.storyboard */ = {
			isa = PBXVariantGroup;
			children = (
				EFCBAEE01F42AC210037F079 /* Base */,
			);
			name = Main.storyboard;
			sourceTree = "<group>";
		};
		EFCBAEE41F42AC210037F079 /* LaunchScreen.storyboard */ = {
			isa = PBXVariantGroup;
			children = (
				EFCBAEE51F42AC210037F079 /* Base */,
			);
			name = LaunchScreen.storyboard;
			sourceTree = "<group>";
		};
/* End PBXVariantGroup section */

/* Begin XCBuildConfiguration section */
		EFCBAEE81F42AC210037F079 /* Debug */ = {
			isa = XCBuildConfiguration;
			buildSettings = {
				ALWAYS_SEARCH_USER_PATHS = NO;
				CLANG_ANALYZER_NONNULL = YES;
				CLANG_ANALYZER_NUMBER_OBJECT_CONVERSION = YES_AGGRESSIVE;
				CLANG_CXX_LANGUAGE_STANDARD = "gnu++0x";
				CLANG_CXX_LIBRARY = "libc++";
				CLANG_ENABLE_MODULES = YES;
				CLANG_ENABLE_OBJC_ARC = YES;
				CLANG_WARN_BOOL_CONVERSION = YES;
				CLANG_WARN_CONSTANT_CONVERSION = YES;
				CLANG_WARN_DIRECT_OBJC_ISA_USAGE = YES_ERROR;
				CLANG_WARN_DOCUMENTATION_COMMENTS = YES;
				CLANG_WARN_EMPTY_BODY = YES;
				CLANG_WARN_ENUM_CONVERSION = YES;
				CLANG_WARN_INFINITE_RECURSION = YES;
				CLANG_WARN_INT_CONVERSION = YES;
				CLANG_WARN_OBJC_ROOT_CLASS = YES_ERROR;
				CLANG_WARN_SUSPICIOUS_MOVE = YES;
				CLANG_WARN_UNREACHABLE_CODE = YES;
				CLANG_WARN__DUPLICATE_METHOD_MATCH = YES;
				"CODE_SIGN_IDENTITY[sdk=iphoneos*]" = "iPhone Developer";
				COPY_PHASE_STRIP = NO;
				DEBUG_INFORMATION_FORMAT = dwarf;
				ENABLE_STRICT_OBJC_MSGSEND = YES;
				ENABLE_TESTABILITY = YES;
				GCC_C_LANGUAGE_STANDARD = gnu99;
				GCC_DYNAMIC_NO_PIC = NO;
				GCC_NO_COMMON_BLOCKS = YES;
				GCC_OPTIMIZATION_LEVEL = 0;
				GCC_PREPROCESSOR_DEFINITIONS = (
					"DEBUG=1",
					"$(inherited)",
				);
				GCC_WARN_64_TO_32_BIT_CONVERSION = YES;
				GCC_WARN_ABOUT_RETURN_TYPE = YES_ERROR;
				GCC_WARN_UNDECLARED_SELECTOR = YES;
				GCC_WARN_UNINITIALIZED_AUTOS = YES_AGGRESSIVE;
				GCC_WARN_UNUSED_FUNCTION = YES;
				GCC_WARN_UNUSED_VARIABLE = YES;
				IPHONEOS_DEPLOYMENT_TARGET = 10.3;
				MTL_ENABLE_DEBUG_INFO = YES;
				ONLY_ACTIVE_ARCH = YES;
				SDKROOT = iphoneos;
				SWIFT_ACTIVE_COMPILATION_CONDITIONS = DEBUG;
				SWIFT_OPTIMIZATION_LEVEL = "-Onone";
			};
			name = Debug;
		};
		EFCBAEE91F42AC210037F079 /* Release */ = {
			isa = XCBuildConfiguration;
			buildSettings = {
				ALWAYS_SEARCH_USER_PATHS = NO;
				CLANG_ANALYZER_NONNULL = YES;
				CLANG_ANALYZER_NUMBER_OBJECT_CONVERSION = YES_AGGRESSIVE;
				CLANG_CXX_LANGUAGE_STANDARD = "gnu++0x";
				CLANG_CXX_LIBRARY = "libc++";
				CLANG_ENABLE_MODULES = YES;
				CLANG_ENABLE_OBJC_ARC = YES;
				CLANG_WARN_BOOL_CONVERSION = YES;
				CLANG_WARN_CONSTANT_CONVERSION = YES;
				CLANG_WARN_DIRECT_OBJC_ISA_USAGE = YES_ERROR;
				CLANG_WARN_DOCUMENTATION_COMMENTS = YES;
				CLANG_WARN_EMPTY_BODY = YES;
				CLANG_WARN_ENUM_CONVERSION = YES;
				CLANG_WARN_INFINITE_RECURSION = YES;
				CLANG_WARN_INT_CONVERSION = YES;
				CLANG_WARN_OBJC_ROOT_CLASS = YES_ERROR;
				CLANG_WARN_SUSPICIOUS_MOVE = YES;
				CLANG_WARN_UNREACHABLE_CODE = YES;
				CLANG_WARN__DUPLICATE_METHOD_MATCH = YES;
				"CODE_SIGN_IDENTITY[sdk=iphoneos*]" = "iPhone Developer";
				COPY_PHASE_STRIP = NO;
				DEBUG_INFORMATION_FORMAT = "dwarf-with-dsym";
				ENABLE_NS_ASSERTIONS = NO;
				ENABLE_STRICT_OBJC_MSGSEND = YES;
				GCC_C_LANGUAGE_STANDARD = gnu99;
				GCC_NO_COMMON_BLOCKS = YES;
				GCC_WARN_64_TO_32_BIT_CONVERSION = YES;
				GCC_WARN_ABOUT_RETURN_TYPE = YES_ERROR;
				GCC_WARN_UNDECLARED_SELECTOR = YES;
				GCC_WARN_UNINITIALIZED_AUTOS = YES_AGGRESSIVE;
				GCC_WARN_UNUSED_FUNCTION = YES;
				GCC_WARN_UNUSED_VARIABLE = YES;
				IPHONEOS_DEPLOYMENT_TARGET = 10.3;
				MTL_ENABLE_DEBUG_INFO = NO;
				SDKROOT = iphoneos;
				SWIFT_OPTIMIZATION_LEVEL = "-Owholemodule";
				VALIDATE_PRODUCT = YES;
			};
			name = Release;
		};
		EFCBAEEB1F42AC210037F079 /* Debug */ = {
			isa = XCBuildConfiguration;
			buildSettings = {
				ASSETCATALOG_COMPILER_APPICON_NAME = AppIcon;
				DEVELOPMENT_TEAM = 77F66T2364;
				INFOPLIST_FILE = SpriteKitSimpleGame/Info.plist;
				LD_RUNPATH_SEARCH_PATHS = "$(inherited) @executable_path/Frameworks";
				PRODUCT_BUNDLE_IDENTIFIER = com.lisahsteele.SpriteKitSimpleGame;
				PRODUCT_NAME = "$(TARGET_NAME)";
				SWIFT_VERSION = 3.0;
			};
			name = Debug;
		};
		EFCBAEEC1F42AC210037F079 /* Release */ = {
			isa = XCBuildConfiguration;
			buildSettings = {
				ASSETCATALOG_COMPILER_APPICON_NAME = AppIcon;
				DEVELOPMENT_TEAM = 77F66T2364;
				INFOPLIST_FILE = SpriteKitSimpleGame/Info.plist;
				LD_RUNPATH_SEARCH_PATHS = "$(inherited) @executable_path/Frameworks";
				PRODUCT_BUNDLE_IDENTIFIER = com.lisahsteele.SpriteKitSimpleGame;
				PRODUCT_NAME = "$(TARGET_NAME)";
				SWIFT_VERSION = 3.0;
			};
			name = Release;
		};
/* End XCBuildConfiguration section */

/* Begin XCConfigurationList section */
		EFCBAECD1F42AC210037F079 /* Build configuration list for PBXProject "SpriteKitSimpleGame" */ = {
			isa = XCConfigurationList;
			buildConfigurations = (
				EFCBAEE81F42AC210037F079 /* Debug */,
				EFCBAEE91F42AC210037F079 /* Release */,
			);
			defaultConfigurationIsVisible = 0;
			defaultConfigurationName = Release;
		};
		EFCBAEEA1F42AC210037F079 /* Build configuration list for PBXNativeTarget "SpriteKitSimpleGame" */ = {
			isa = XCConfigurationList;
			buildConfigurations = (
				EFCBAEEB1F42AC210037F079 /* Debug */,
				EFCBAEEC1F42AC210037F079 /* Release */,
			);
			defaultConfigurationIsVisible = 0;
			defaultConfigurationName = Release;
		};
/* End XCConfigurationList section */
	};
	rootObject = EFCBAECA1F42AC210037F079 /* Project object */;
}
